
Microsoft Visual Studio Solution File, Format Version 12.00
# Visual Studio 15
VisualStudioVersion = 15.0.28307.106
MinimumVisualStudioVersion = 10.0.40219.1
Project("{9A19103F-16F7-4668-BE54-9A1E7A4F7556}") = "EthImgStorage_Web_API", "EthImgStorage_Web_API\EthImgStorage_Web_API.csproj", "{B164FD65-B79C-4DDE-BA45-37A3F2040A0C}"
EndProject
Project("{9A19103F-16F7-4668-BE54-9A1E7A4F7556}") = "DataProcessingCenter", "DataProcessingCenter\DataProcessingCenter.csproj", "{DFB82D3F-1ABB-400E-AFFE-00C6AE0BF161}"
EndProject
Project("{9A19103F-16F7-4668-BE54-9A1E7A4F7556}") = "DataProcessingCenter.Tests", "DataProcessingCenter.Tests\DataProcessingCenter.Tests.csproj", "{998C34D2-4BCC-4AE7-BFB0-22485A24429F}"
EndProject
Project("{FAE04EC0-301F-11D3-BF4B-00C04F79EFBC}") = "IdPhotoSharingPlatform_Client.SDK", "IdPhotoSharingPlatform_Client.SDK\IdPhotoSharingPlatform_Client.SDK.csproj", "{7C3762C9-284E-442C-9A59-870B88D79F6D}"
EndProject
Project("{FAE04EC0-301F-11D3-BF4B-00C04F79EFBC}") = "Public_Interface", "Public_Interface\Public_Interface.csproj", "{1C6DE0DC-3F6A-42B4-9473-AF96B09AF5D9}"
EndProject
Project("{FAE04EC0-301F-11D3-BF4B-00C04F79EFBC}") = "Chain_Access", "Chain_Access\Chain_Access.csproj", "{580477D5-1108-49D1-B8B2-404A59525CAD}"
EndProject
Project("{FAE04EC0-301F-11D3-BF4B-00C04F79EFBC}") = "Chain_Access.tests", "Chain_Access.tests\Chain_Access.tests.csproj", "{0D17C1C8-CCA2-40E7-9D1F-C7BF362BC2E7}"
EndProject
Global
	GlobalSection(SolutionConfigurationPlatforms) = preSolution
		Debug|Any CPU = Debug|Any CPU
		Release|Any CPU = Release|Any CPU
	EndGlobalSection
	GlobalSection(ProjectConfigurationPlatforms) = postSolution
		{B164FD65-B79C-4DDE-BA45-37A3F2040A0C}.Debug|Any CPU.ActiveCfg = Debug|Any CPU
		{B164FD65-B79C-4DDE-BA45-37A3F2040A0C}.Debug|Any CPU.Build.0 = Debug|Any CPU
		{B164FD65-B79C-4DDE-BA45-37A3F2040A0C}.Release|Any CPU.ActiveCfg = Release|Any CPU
		{B164FD65-B79C-4DDE-BA45-37A3F2040A0C}.Release|Any CPU.Build.0 = Release|Any CPU
		{DFB82D3F-1ABB-400E-AFFE-00C6AE0BF161}.Debug|Any CPU.ActiveCfg = Debug|Any CPU
		{DFB82D3F-1ABB-400E-AFFE-00C6AE0BF161}.Debug|Any CPU.Build.0 = Debug|Any CPU
		{DFB82D3F-1ABB-400E-AFFE-00C6AE0BF161}.Release|Any CPU.ActiveCfg = Release|Any CPU
		{DFB82D3F-1ABB-400E-AFFE-00C6AE0BF161}.Release|Any CPU.Build.0 = Release|Any CPU
		{998C34D2-4BCC-4AE7-BFB0-22485A24429F}.Debug|Any CPU.ActiveCfg = Debug|Any CPU
		{998C34D2-4BCC-4AE7-BFB0-22485A24429F}.Debug|Any CPU.Build.0 = Debug|Any CPU
		{998C34D2-4BCC-4AE7-BFB0-22485A24429F}.Release|Any CPU.ActiveCfg = Release|Any CPU
		{998C34D2-4BCC-4AE7-BFB0-22485A24429F}.Release|Any CPU.Build.0 = Release|Any CPU
		{7C3762C9-284E-442C-9A59-870B88D79F6D}.Debug|Any CPU.ActiveCfg = Debug|Any CPU
		{7C3762C9-284E-442C-9A59-870B88D79F6D}.Debug|Any CPU.Build.0 = Debug|Any CPU
		{7C3762C9-284E-442C-9A59-870B88D79F6D}.Release|Any CPU.ActiveCfg = Release|Any CPU
		{7C3762C9-284E-442C-9A59-870B88D79F6D}.Release|Any CPU.Build.0 = Release|Any CPU
		{1C6DE0DC-3F6A-42B4-9473-AF96B09AF5D9}.Debug|Any CPU.ActiveCfg = Debug|Any CPU
		{1C6DE0DC-3F6A-42B4-9473-AF96B09AF5D9}.Debug|Any CPU.Build.0 = Debug|Any CPU
		{1C6DE0DC-3F6A-42B4-9473-AF96B09AF5D9}.Release|Any CPU.ActiveCfg = Release|Any CPU
		{1C6DE0DC-3F6A-42B4-9473-AF96B09AF5D9}.Release|Any CPU.Build.0 = Release|Any CPU
		{580477D5-1108-49D1-B8B2-404A59525CAD}.Debug|Any CPU.ActiveCfg = Debug|Any CPU
		{580477D5-1108-49D1-B8B2-404A59525CAD}.Debug|Any CPU.Build.0 = Debug|Any CPU
		{580477D5-1108-49D1-B8B2-404A59525CAD}.Release|Any CPU.ActiveCfg = Release|Any CPU
		{580477D5-1108-49D1-B8B2-404A59525CAD}.Release|Any CPU.Build.0 = Release|Any CPU
		{0D17C1C8-CCA2-40E7-9D1F-C7BF362BC2E7}.Debug|Any CPU.ActiveCfg = Debug|Any CPU
		{0D17C1C8-CCA2-40E7-9D1F-C7BF362BC2E7}.Debug|Any CPU.Build.0 = Debug|Any CPU
		{0D17C1C8-CCA2-40E7-9D1F-C7BF362BC2E7}.Release|Any CPU.ActiveCfg = Release|Any CPU
		{0D17C1C8-CCA2-40E7-9D1F-C7BF362BC2E7}.Release|Any CPU.Build.0 = Release|Any CPU
	EndGlobalSection
	GlobalSection(SolutionProperties) = preSolution
		HideSolutionNode = FALSE
	EndGlobalSection
	GlobalSection(ExtensibilityGlobals) = postSolution
		SolutionGuid = {0CD2EF97-53CC-4956-9FF0-77663228C147}
	EndGlobalSection
EndGlobal
