
Microsoft Visual Studio Solution File, Format Version 12.00
# Visual Studio 15
VisualStudioVersion = 15.0.28307.106
MinimumVisualStudioVersion = 10.0.40219.1
Project("{FAE04EC0-301F-11D3-BF4B-00C04F79EFBC}") = "IdPhotoSharingPlatform_Client", "IdPhotoSharingPlatform_Client\IdPhotoSharingPlatform_Client.csproj", "{D404B5CD-8E14-461E-894C-B98861D1F4B1}"
EndProject
Global
	GlobalSection(SolutionConfigurationPlatforms) = preSolution
		Debug|Any CPU = Debug|Any CPU
		Release|Any CPU = Release|Any CPU
	EndGlobalSection
	GlobalSection(ProjectConfigurationPlatforms) = postSolution
		{D404B5CD-8E14-461E-894C-B98861D1F4B1}.Debug|Any CPU.ActiveCfg = Debug|Any CPU
		{D404B5CD-8E14-461E-894C-B98861D1F4B1}.Debug|Any CPU.Build.0 = Debug|Any CPU
		{D404B5CD-8E14-461E-894C-B98861D1F4B1}.Release|Any CPU.ActiveCfg = Release|Any CPU
		{D404B5CD-8E14-461E-894C-B98861D1F4B1}.Release|Any CPU.Build.0 = Release|Any CPU
	EndGlobalSection
	GlobalSection(SolutionProperties) = preSolution
		HideSolutionNode = FALSE
	EndGlobalSection
	GlobalSection(ExtensibilityGlobals) = postSolution
		SolutionGuid = {DA9F08DA-21AA-4C72-9979-CC8716734CE0}
	EndGlobalSection
EndGlobal
