
Microsoft Visual Studio Solution File, Format Version 12.00
# Visual Studio 15
VisualStudioVersion = 15.0.28010.2046
MinimumVisualStudioVersion = 10.0.40219.1
Project("{FAE04EC0-301F-11D3-BF4B-00C04F79EFBC}") = "EthDataCoreTest", "EthDataCoreTest\EthDataCoreTest.csproj", "{23315297-0A43-4580-A517-4E653504FD8B}"
EndProject
Global
	GlobalSection(SolutionConfigurationPlatforms) = preSolution
		Debug|Any CPU = Debug|Any CPU
		Release|Any CPU = Release|Any CPU
	EndGlobalSection
	GlobalSection(ProjectConfigurationPlatforms) = postSolution
		{23315297-0A43-4580-A517-4E653504FD8B}.Debug|Any CPU.ActiveCfg = Debug|Any CPU
		{23315297-0A43-4580-A517-4E653504FD8B}.Debug|Any CPU.Build.0 = Debug|Any CPU
		{23315297-0A43-4580-A517-4E653504FD8B}.Release|Any CPU.ActiveCfg = Release|Any CPU
		{23315297-0A43-4580-A517-4E653504FD8B}.Release|Any CPU.Build.0 = Release|Any CPU
	EndGlobalSection
	GlobalSection(SolutionProperties) = preSolution
		HideSolutionNode = FALSE
	EndGlobalSection
	GlobalSection(ExtensibilityGlobals) = postSolution
		SolutionGuid = {7B9257CA-8292-4073-8518-B799FF6937CD}
	EndGlobalSection
EndGlobal
